// !$*UTF8*$!
{
	archiveVersion = 1;
	classes = {
	};
	objectVersion = 46;
	objects = {

/* Begin PBXBuildFile section */
		9D421FBD1D1EF24C00FB680D /* AppDelegate.swift in Sources */ = {isa = PBXBuildFile; fileRef = 9D421FBC1D1EF24C00FB680D /* AppDelegate.swift */; };
		9D421FBF1D1EF24C00FB680D /* ViewController.swift in Sources */ = {isa = PBXBuildFile; fileRef = 9D421FBE1D1EF24C00FB680D /* ViewController.swift */; };
		9D421FC11D1EF24C00FB680D /* Assets.xcassets in Resources */ = {isa = PBXBuildFile; fileRef = 9D421FC01D1EF24C00FB680D /* Assets.xcassets */; };
		9D421FC41D1EF24C00FB680D /* Main.storyboard in Resources */ = {isa = PBXBuildFile; fileRef = 9D421FC21D1EF24C00FB680D /* Main.storyboard */; };
		9D421FCD1D1EF31E00FB680D /* MIKMIDI.framework in Frameworks */ = {isa = PBXBuildFile; fileRef = 9D421FCB1D1EF31800FB680D /* MIKMIDI.framework */; };
		9D421FCE1D1EF31E00FB680D /* MIKMIDI.framework in Embed Frameworks */ = {isa = PBXBuildFile; fileRef = 9D421FCB1D1EF31800FB680D /* MIKMIDI.framework */; settings = {ATTRIBUTES = (CodeSignOnCopy, RemoveHeadersOnCopy, ); }; };
/* End PBXBuildFile section */

/* Begin PBXCopyFilesBuildPhase section */
		9D421FCF1D1EF31E00FB680D /* Embed Frameworks */ = {
			isa = PBXCopyFilesBuildPhase;
			buildActionMask = 2147483647;
			dstPath = "";
			dstSubfolderSpec = 10;
			files = (
				9D421FCE1D1EF31E00FB680D /* MIKMIDI.framework in Embed Frameworks */,
			);
			name = "Embed Frameworks";
			runOnlyForDeploymentPostprocessing = 0;
		};
/* End PBXCopyFilesBuildPhase section */

/* Begin PBXFileReference section */
		9D421FB91D1EF24C00FB680D /* MIDI File Writer.app */ = {isa = PBXFileReference; explicitFileType = wrapper.application; includeInIndex = 0; path = "MIDI File Writer.app"; sourceTree = BUILT_PRODUCTS_DIR; };
		9D421FBC1D1EF24C00FB680D /* AppDelegate.swift */ = {isa = PBXFileReference; lastKnownFileType = sourcecode.swift; path = AppDelegate.swift; sourceTree = "<group>"; };
		9D421FBE1D1EF24C00FB680D /* ViewController.swift */ = {isa = PBXFileReference; lastKnownFileType = sourcecode.swift; path = ViewController.swift; sourceTree = "<group>"; };
		9D421FC01D1EF24C00FB680D /* Assets.xcassets */ = {isa = PBXFileReference; lastKnownFileType = folder.assetcatalog; path = Assets.xcassets; sourceTree = "<group>"; };
		9D421FC31D1EF24C00FB680D /* Base */ = {isa = PBXFileReference; lastKnownFileType = file.storyboard; name = Base; path = Base.lproj/Main.storyboard; sourceTree = "<group>"; };
		9D421FC51D1EF24C00FB680D /* Info.plist */ = {isa = PBXFileReference; lastKnownFileType = text.plist.xml; path = Info.plist; sourceTree = "<group>"; };
		9D421FCB1D1EF31800FB680D /* MIKMIDI.framework */ = {isa = PBXFileReference; lastKnownFileType = wrapper.framework; path = MIKMIDI.framework; sourceTree = "<group>"; };
/* End PBXFileReference section */

/* Begin PBXFrameworksBuildPhase section */
		9D421FB61D1EF24C00FB680D /* Frameworks */ = {
			isa = PBXFrameworksBuildPhase;
			buildActionMask = 2147483647;
			files = (
				9D421FCD1D1EF31E00FB680D /* MIKMIDI.framework in Frameworks */,
			);
			runOnlyForDeploymentPostprocessing = 0;
		};
/* End PBXFrameworksBuildPhase section */

/* Begin PBXGroup section */
		9D421FB01D1EF24C00FB680D = {
			isa = PBXGroup;
			children = (
				9D421FCB1D1EF31800FB680D /* MIKMIDI.framework */,
				9D421FBB1D1EF24C00FB680D /* MIDI File Writer */,
				9D421FBA1D1EF24C00FB680D /* Products */,
			);
			sourceTree = "<group>";
		};
		9D421FBA1D1EF24C00FB680D /* Products */ = {
			isa = PBXGroup;
			children = (
				9D421FB91D1EF24C00FB680D /* MIDI File Writer.app */,
			);
			name = Products;
			sourceTree = "<group>";
		};
		9D421FBB1D1EF24C00FB680D /* MIDI File Writer */ = {
			isa = PBXGroup;
			children = (
				9D421FBC1D1EF24C00FB680D /* AppDelegate.swift */,
				9D421FBE1D1EF24C00FB680D /* ViewController.swift */,
				9D421FC01D1EF24C00FB680D /* Assets.xcassets */,
				9D421FC21D1EF24C00FB680D /* Main.storyboard */,
				9D421FC51D1EF24C00FB680D /* Info.plist */,
			);
			path = "MIDI File Writer";
			sourceTree = "<group>";
		};
/* End PBXGroup section */

/* Begin PBXNativeTarget section */
		9D421FB81D1EF24C00FB680D /* MIDI File Writer */ = {
			isa = PBXNativeTarget;
			buildConfigurationList = 9D421FC81D1EF24C00FB680D /* Build configuration list for PBXNativeTarget "MIDI File Writer" */;
			buildPhases = (
				9D421FB51D1EF24C00FB680D /* Sources */,
				9D421FB61D1EF24C00FB680D /* Frameworks */,
				9D421FB71D1EF24C00FB680D /* Resources */,
				9D421FCF1D1EF31E00FB680D /* Embed Frameworks */,
			);
			buildRules = (
			);
			dependencies = (
			);
			name = "MIDI File Writer";
			productName = "MIDI File Writer";
			productReference = 9D421FB91D1EF24C00FB680D /* MIDI File Writer.app */;
			productType = "com.apple.product-type.application";
		};
/* End PBXNativeTarget section */

/* Begin PBXProject section */
		9D421FB11D1EF24C00FB680D /* Project object */ = {
			isa = PBXProject;
			attributes = {
				LastSwiftUpdateCheck = 0730;
				LastUpgradeCheck = 0730;
				ORGANIZATIONNAME = "Mixed In Key";
				TargetAttributes = {
					9D421FB81D1EF24C00FB680D = {
						CreatedOnToolsVersion = 7.3.1;
					};
				};
			};
			buildConfigurationList = 9D421FB41D1EF24C00FB680D /* Build configuration list for PBXProject "MIDI File Writer" */;
			compatibilityVersion = "Xcode 3.2";
			developmentRegion = English;
			hasScannedForEncodings = 0;
			knownRegions = (
				en,
				Base,
			);
			mainGroup = 9D421FB01D1EF24C00FB680D;
			productRefGroup = 9D421FBA1D1EF24C00FB680D /* Products */;
			projectDirPath = "";
			projectRoot = "";
			targets = (
				9D421FB81D1EF24C00FB680D /* MIDI File Writer */,
			);
		};
/* End PBXProject section */

/* Begin PBXResourcesBuildPhase section */
		9D421FB71D1EF24C00FB680D /* Resources */ = {
			isa = PBXResourcesBuildPhase;
			buildActionMask = 2147483647;
			files = (
				9D421FC11D1EF24C00FB680D /* Assets.xcassets in Resources */,
				9D421FC41D1EF24C00FB680D /* Main.storyboard in Resources */,
			);
			runOnlyForDeploymentPostprocessing = 0;
		};
/* End PBXResourcesBuildPhase section */

/* Begin PBXSourcesBuildPhase section */
		9D421FB51D1EF24C00FB680D /* Sources */ = {
			isa = PBXSourcesBuildPhase;
			buildActionMask = 2147483647;
			files = (
				9D421FBF1D1EF24C00FB680D /* ViewController.swift in Sources */,
				9D421FBD1D1EF24C00FB680D /* AppDelegate.swift in Sources */,
			);
			runOnlyForDeploymentPostprocessing = 0;
		};
/* End PBXSourcesBuildPhase section */

/* Begin PBXVariantGroup section */
		9D421FC21D1EF24C00FB680D /* Main.storyboard */ = {
			isa = PBXVariantGroup;
			children = (
				9D421FC31D1EF24C00FB680D /* Base */,
			);
			name = Main.storyboard;
			sourceTree = "<group>";
		};
/* End PBXVariantGroup section */

/* Begin XCBuildConfiguration section */
		9D421FC61D1EF24C00FB680D /* Debug */ = {
			isa = XCBuildConfiguration;
			buildSettings = {
				ALWAYS_SEARCH_USER_PATHS = NO;
				CLANG_ANALYZER_NONNULL = YES;
				CLANG_CXX_LANGUAGE_STANDARD = "gnu++0x";
				CLANG_CXX_LIBRARY = "libc++";
				CLANG_ENABLE_MODULES = YES;
				CLANG_ENABLE_OBJC_ARC = YES;
				CLANG_WARN_BOOL_CONVERSION = YES;
				CLANG_WARN_CONSTANT_CONVERSION = YES;
				CLANG_WARN_DIRECT_OBJC_ISA_USAGE = YES_ERROR;
				CLANG_WARN_EMPTY_BODY = YES;
				CLANG_WARN_ENUM_CONVERSION = YES;
				CLANG_WARN_INT_CONVERSION = YES;
				CLANG_WARN_OBJC_ROOT_CLASS = YES_ERROR;
				CLANG_WARN_UNREACHABLE_CODE = YES;
				CLANG_WARN__DUPLICATE_METHOD_MATCH = YES;
				CODE_SIGN_IDENTITY = "-";
				COPY_PHASE_STRIP = NO;
				DEBUG_INFORMATION_FORMAT = dwarf;
				ENABLE_STRICT_OBJC_MSGSEND = YES;
				ENABLE_TESTABILITY = YES;
				GCC_C_LANGUAGE_STANDARD = gnu99;
				GCC_DYNAMIC_NO_PIC = NO;
				GCC_NO_COMMON_BLOCKS = YES;
				GCC_OPTIMIZATION_LEVEL = 0;
				GCC_PREPROCESSOR_DEFINITIONS = (
					"DEBUG=1",
					"$(inherited)",
				);
				GCC_WARN_64_TO_32_BIT_CONVERSION = YES;
				GCC_WARN_ABOUT_RETURN_TYPE = YES_ERROR;
				GCC_WARN_UNDECLARED_SELECTOR = YES;
				GCC_WARN_UNINITIALIZED_AUTOS = YES_AGGRESSIVE;
				GCC_WARN_UNUSED_FUNCTION = YES;
				GCC_WARN_UNUSED_VARIABLE = YES;
				MACOSX_DEPLOYMENT_TARGET = 10.11;
				MTL_ENABLE_DEBUG_INFO = YES;
				ONLY_ACTIVE_ARCH = YES;
				SDKROOT = macosx;
				SWIFT_OPTIMIZATION_LEVEL = "-Onone";
			};
			name = Debug;
		};
		9D421FC71D1EF24C00FB680D /* Release */ = {
			isa = XCBuildConfiguration;
			buildSettings = {
				ALWAYS_SEARCH_USER_PATHS = NO;
				CLANG_ANALYZER_NONNULL = YES;
				CLANG_CXX_LANGUAGE_STANDARD = "gnu++0x";
				CLANG_CXX_LIBRARY = "libc++";
				CLANG_ENABLE_MODULES = YES;
				CLANG_ENABLE_OBJC_ARC = YES;
				CLANG_WARN_BOOL_CONVERSION = YES;
				CLANG_WARN_CONSTANT_CONVERSION = YES;
				CLANG_WARN_DIRECT_OBJC_ISA_USAGE = YES_ERROR;
				CLANG_WARN_EMPTY_BODY = YES;
				CLANG_WARN_ENUM_CONVERSION = YES;
				CLANG_WARN_INT_CONVERSION = YES;
				CLANG_WARN_OBJC_ROOT_CLASS = YES_ERROR;
				CLANG_WARN_UNREACHABLE_CODE = YES;
				CLANG_WARN__DUPLICATE_METHOD_MATCH = YES;
				CODE_SIGN_IDENTITY = "-";
				COPY_PHASE_STRIP = NO;
				DEBUG_INFORMATION_FORMAT = "dwarf-with-dsym";
				ENABLE_NS_ASSERTIONS = NO;
				ENABLE_STRICT_OBJC_MSGSEND = YES;
				GCC_C_LANGUAGE_STANDARD = gnu99;
				GCC_NO_COMMON_BLOCKS = YES;
				GCC_WARN_64_TO_32_BIT_CONVERSION = YES;
				GCC_WARN_ABOUT_RETURN_TYPE = YES_ERROR;
				GCC_WARN_UNDECLARED_SELECTOR = YES;
				GCC_WARN_UNINITIALIZED_AUTOS = YES_AGGRESSIVE;
				GCC_WARN_UNUSED_FUNCTION = YES;
				GCC_WARN_UNUSED_VARIABLE = YES;
				MACOSX_DEPLOYMENT_TARGET = 10.11;
				MTL_ENABLE_DEBUG_INFO = NO;
				SDKROOT = macosx;
			};
			name = Release;
		};
		9D421FC91D1EF24C00FB680D /* Debug */ = {
			isa = XCBuildConfiguration;
			buildSettings = {
				ASSETCATALOG_COMPILER_APPICON_NAME = AppIcon;
				COMBINE_HIDPI_IMAGES = YES;
				FRAMEWORK_SEARCH_PATHS = (
					"$(inherited)",
					"$(PROJECT_DIR)",
				);
				INFOPLIST_FILE = "MIDI File Writer/Info.plist";
				LD_RUNPATH_SEARCH_PATHS = "$(inherited) @executable_path/../Frameworks";
				PRODUCT_BUNDLE_IDENTIFIER = "com.mixedinkey.MIDI-File-Writer";
				PRODUCT_NAME = "$(TARGET_NAME)";
			};
			name = Debug;
		};
		9D421FCA1D1EF24C00FB680D /* Release */ = {
			isa = XCBuildConfiguration;
			buildSettings = {
				ASSETCATALOG_COMPILER_APPICON_NAME = AppIcon;
				COMBINE_HIDPI_IMAGES = YES;
				FRAMEWORK_SEARCH_PATHS = (
					"$(inherited)",
					"$(PROJECT_DIR)",
				);
				INFOPLIST_FILE = "MIDI File Writer/Info.plist";
				LD_RUNPATH_SEARCH_PATHS = "$(inherited) @executable_path/../Frameworks";
				PRODUCT_BUNDLE_IDENTIFIER = "com.mixedinkey.MIDI-File-Writer";
				PRODUCT_NAME = "$(TARGET_NAME)";
			};
			name = Release;
		};
/* End XCBuildConfiguration section */

/* Begin XCConfigurationList section */
		9D421FB41D1EF24C00FB680D /* Build configuration list for PBXProject "MIDI File Writer" */ = {
			isa = XCConfigurationList;
			buildConfigurations = (
				9D421FC61D1EF24C00FB680D /* Debug */,
				9D421FC71D1EF24C00FB680D /* Release */,
			);
			defaultConfigurationIsVisible = 0;
			defaultConfigurationName = Release;
		};
		9D421FC81D1EF24C00FB680D /* Build configuration list for PBXNativeTarget "MIDI File Writer" */ = {
			isa = XCConfigurationList;
			buildConfigurations = (
				9D421FC91D1EF24C00FB680D /* Debug */,
				9D421FCA1D1EF24C00FB680D /* Release */,
			);
			defaultConfigurationIsVisible = 0;
		};
/* End XCConfigurationList section */
	};
	rootObject = 9D421FB11D1EF24C00FB680D /* Project object */;
}
